// !$*UTF8*$!
{
	archiveVersion = 1;
	classes = {
	};
	objectVersion = 50;
	objects = {

/* Begin PBXBuildFile section */
		87718E215A0F912E2C4213DA /* Pods_practice_seminar4.framework in Frameworks */ = {isa = PBXBuildFile; fileRef = C856EBC60899F520D3B8E383 /* Pods_practice_seminar4.framework */; };
		F846E6D32643D5CB0084049E /* AppDelegate.swift in Sources */ = {isa = PBXBuildFile; fileRef = F846E6D22643D5CB0084049E /* AppDelegate.swift */; };
		F846E6D52643D5CB0084049E /* SceneDelegate.swift in Sources */ = {isa = PBXBuildFile; fileRef = F846E6D42643D5CB0084049E /* SceneDelegate.swift */; };
		F846E6D72643D5CB0084049E /* ViewController.swift in Sources */ = {isa = PBXBuildFile; fileRef = F846E6D62643D5CB0084049E /* ViewController.swift */; };
		F846E6DA2643D5CB0084049E /* Main.storyboard in Resources */ = {isa = PBXBuildFile; fileRef = F846E6D82643D5CB0084049E /* Main.storyboard */; };
		F846E6DC2643D5CC0084049E /* Assets.xcassets in Resources */ = {isa = PBXBuildFile; fileRef = F846E6DB2643D5CC0084049E /* Assets.xcassets */; };
		F846E6DF2643D5CC0084049E /* LaunchScreen.storyboard in Resources */ = {isa = PBXBuildFile; fileRef = F846E6DD2643D5CC0084049E /* LaunchScreen.storyboard */; };
/* End PBXBuildFile section */

/* Begin PBXFileReference section */
		204A2E60659BABCC49C19B86 /* Pods-practice-seminar4.release.xcconfig */ = {isa = PBXFileReference; includeInIndex = 1; lastKnownFileType = text.xcconfig; name = "Pods-practice-seminar4.release.xcconfig"; path = "Target Support Files/Pods-practice-seminar4/Pods-practice-seminar4.release.xcconfig"; sourceTree = "<group>"; };
		491182B0E895363EBD23EBCB /* Pods-practice-seminar4.debug.xcconfig */ = {isa = PBXFileReference; includeInIndex = 1; lastKnownFileType = text.xcconfig; name = "Pods-practice-seminar4.debug.xcconfig"; path = "Target Support Files/Pods-practice-seminar4/Pods-practice-seminar4.debug.xcconfig"; sourceTree = "<group>"; };
		C856EBC60899F520D3B8E383 /* Pods_practice_seminar4.framework */ = {isa = PBXFileReference; explicitFileType = wrapper.framework; includeInIndex = 0; path = Pods_practice_seminar4.framework; sourceTree = BUILT_PRODUCTS_DIR; };
		F846E6CF2643D5CB0084049E /* practice-seminar4.app */ = {isa = PBXFileReference; explicitFileType = wrapper.application; includeInIndex = 0; path = "practice-seminar4.app"; sourceTree = BUILT_PRODUCTS_DIR; };
		F846E6D22643D5CB0084049E /* AppDelegate.swift */ = {isa = PBXFileReference; lastKnownFileType = sourcecode.swift; path = AppDelegate.swift; sourceTree = "<group>"; };
		F846E6D42643D5CB0084049E /* SceneDelegate.swift */ = {isa = PBXFileReference; lastKnownFileType = sourcecode.swift; path = SceneDelegate.swift; sourceTree = "<group>"; };
		F846E6D62643D5CB0084049E /* ViewController.swift */ = {isa = PBXFileReference; lastKnownFileType = sourcecode.swift; path = ViewController.swift; sourceTree = "<group>"; };
		F846E6D92643D5CB0084049E /* Base */ = {isa = PBXFileReference; lastKnownFileType = file.storyboard; name = Base; path = Base.lproj/Main.storyboard; sourceTree = "<group>"; };
		F846E6DB2643D5CC0084049E /* Assets.xcassets */ = {isa = PBXFileReference; lastKnownFileType = folder.assetcatalog; path = Assets.xcassets; sourceTree = "<group>"; };
		F846E6DE2643D5CC0084049E /* Base */ = {isa = PBXFileReference; lastKnownFileType = file.storyboard; name = Base; path = Base.lproj/LaunchScreen.storyboard; sourceTree = "<group>"; };
		F846E6E02643D5CC0084049E /* Info.plist */ = {isa = PBXFileReference; lastKnownFileType = text.plist.xml; path = Info.plist; sourceTree = "<group>"; };
/* End PBXFileReference section */

/* Begin PBXFrameworksBuildPhase section */
		F846E6CC2643D5CB0084049E /* Frameworks */ = {
			isa = PBXFrameworksBuildPhase;
			buildActionMask = 2147483647;
			files = (
				87718E215A0F912E2C4213DA /* Pods_practice_seminar4.framework in Frameworks */,
			);
			runOnlyForDeploymentPostprocessing = 0;
		};
/* End PBXFrameworksBuildPhase section */

/* Begin PBXGroup section */
		88DDBC996E36E7F840764DEA /* Pods */ = {
			isa = PBXGroup;
			children = (
				491182B0E895363EBD23EBCB /* Pods-practice-seminar4.debug.xcconfig */,
				204A2E60659BABCC49C19B86 /* Pods-practice-seminar4.release.xcconfig */,
			);
			name = Pods;
			path = Pods;
			sourceTree = "<group>";
		};
		D72DF505FC8BFFBEE5E4C012 /* Frameworks */ = {
			isa = PBXGroup;
			children = (
				C856EBC60899F520D3B8E383 /* Pods_practice_seminar4.framework */,
			);
			name = Frameworks;
			sourceTree = "<group>";
		};
		F846E6C62643D5CB0084049E = {
			isa = PBXGroup;
			children = (
				F846E6D12643D5CB0084049E /* practice-seminar4 */,
				F846E6D02643D5CB0084049E /* Products */,
				88DDBC996E36E7F840764DEA /* Pods */,
				D72DF505FC8BFFBEE5E4C012 /* Frameworks */,
			);
			sourceTree = "<group>";
		};
		F846E6D02643D5CB0084049E /* Products */ = {
			isa = PBXGroup;
			children = (
				F846E6CF2643D5CB0084049E /* practice-seminar4.app */,
			);
			name = Products;
			sourceTree = "<group>";
		};
		F846E6D12643D5CB0084049E /* practice-seminar4 */ = {
			isa = PBXGroup;
			children = (
				F846E6D22643D5CB0084049E /* AppDelegate.swift */,
				F846E6D42643D5CB0084049E /* SceneDelegate.swift */,
				F846E6D62643D5CB0084049E /* ViewController.swift */,
				F846E6D82643D5CB0084049E /* Main.storyboard */,
				F846E6DB2643D5CC0084049E /* Assets.xcassets */,
				F846E6DD2643D5CC0084049E /* LaunchScreen.storyboard */,
				F846E6E02643D5CC0084049E /* Info.plist */,
			);
			path = "practice-seminar4";
			sourceTree = "<group>";
		};
/* End PBXGroup section */

/* Begin PBXNativeTarget section */
		F846E6CE2643D5CB0084049E /* practice-seminar4 */ = {
			isa = PBXNativeTarget;
			buildConfigurationList = F846E6E32643D5CC0084049E /* Build configuration list for PBXNativeTarget "practice-seminar4" */;
			buildPhases = (
				59FC6FDA926825F8F389C2A6 /* [CP] Check Pods Manifest.lock */,
				F846E6CB2643D5CB0084049E /* Sources */,
				F846E6CC2643D5CB0084049E /* Frameworks */,
				F846E6CD2643D5CB0084049E /* Resources */,
				5E5C288518EAD24655C34C61 /* [CP] Embed Pods Frameworks */,
			);
			buildRules = (
			);
			dependencies = (
			);
			name = "practice-seminar4";
			productName = "practice-seminar4";
			productReference = F846E6CF2643D5CB0084049E /* practice-seminar4.app */;
			productType = "com.apple.product-type.application";
		};
/* End PBXNativeTarget section */

/* Begin PBXProject section */
		F846E6C72643D5CB0084049E /* Project object */ = {
			isa = PBXProject;
			attributes = {
				LastSwiftUpdateCheck = 1250;
				LastUpgradeCheck = 1250;
				TargetAttributes = {
					F846E6CE2643D5CB0084049E = {
						CreatedOnToolsVersion = 12.5;
					};
				};
			};
			buildConfigurationList = F846E6CA2643D5CB0084049E /* Build configuration list for PBXProject "practice-seminar4" */;
			compatibilityVersion = "Xcode 9.3";
			developmentRegion = en;
			hasScannedForEncodings = 0;
			knownRegions = (
				en,
				Base,
			);
			mainGroup = F846E6C62643D5CB0084049E;
			productRefGroup = F846E6D02643D5CB0084049E /* Products */;
			projectDirPath = "";
			projectRoot = "";
			targets = (
				F846E6CE2643D5CB0084049E /* practice-seminar4 */,
			);
		};
/* End PBXProject section */

/* Begin PBXResourcesBuildPhase section */
		F846E6CD2643D5CB0084049E /* Resources */ = {
			isa = PBXResourcesBuildPhase;
			buildActionMask = 2147483647;
			files = (
				F846E6DF2643D5CC0084049E /* LaunchScreen.storyboard in Resources */,
				F846E6DC2643D5CC0084049E /* Assets.xcassets in Resources */,
				F846E6DA2643D5CB0084049E /* Main.storyboard in Resources */,
			);
			runOnlyForDeploymentPostprocessing = 0;
		};
/* End PBXResourcesBuildPhase section */

/* Begin PBXShellScriptBuildPhase section */
		59FC6FDA926825F8F389C2A6 /* [CP] Check Pods Manifest.lock */ = {
			isa = PBXShellScriptBuildPhase;
			buildActionMask = 2147483647;
			files = (
			);
			inputFileListPaths = (
			);
			inputPaths = (
				"${PODS_PODFILE_DIR_PATH}/Podfile.lock",
				"${PODS_ROOT}/Manifest.lock",
			);
			name = "[CP] Check Pods Manifest.lock";
			outputFileListPaths = (
			);
			outputPaths = (
				"$(DERIVED_FILE_DIR)/Pods-practice-seminar4-checkManifestLockResult.txt",
			);
			runOnlyForDeploymentPostprocessing = 0;
			shellPath = /bin/sh;
			shellScript = "diff \"${PODS_PODFILE_DIR_PATH}/Podfile.lock\" \"${PODS_ROOT}/Manifest.lock\" > /dev/null\nif [ $? != 0 ] ; then\n    # print error to STDERR\n    echo \"error: The sandbox is not in sync with the Podfile.lock. Run 'pod install' or update your CocoaPods installation.\" >&2\n    exit 1\nfi\n# This output is used by Xcode 'outputs' to avoid re-running this script phase.\necho \"SUCCESS\" > \"${SCRIPT_OUTPUT_FILE_0}\"\n";
			showEnvVarsInLog = 0;
		};
		5E5C288518EAD24655C34C61 /* [CP] Embed Pods Frameworks */ = {
			isa = PBXShellScriptBuildPhase;
			buildActionMask = 2147483647;
			files = (
			);
			inputFileListPaths = (
				"${PODS_ROOT}/Target Support Files/Pods-practice-seminar4/Pods-practice-seminar4-frameworks-${CONFIGURATION}-input-files.xcfilelist",
			);
			name = "[CP] Embed Pods Frameworks";
			outputFileListPaths = (
				"${PODS_ROOT}/Target Support Files/Pods-practice-seminar4/Pods-practice-seminar4-frameworks-${CONFIGURATION}-output-files.xcfilelist",
			);
			runOnlyForDeploymentPostprocessing = 0;
			shellPath = /bin/sh;
			shellScript = "\"${PODS_ROOT}/Target Support Files/Pods-practice-seminar4/Pods-practice-seminar4-frameworks.sh\"\n";
			showEnvVarsInLog = 0;
		};
/* End PBXShellScriptBuildPhase section */

/* Begin PBXSourcesBuildPhase section */
		F846E6CB2643D5CB0084049E /* Sources */ = {
			isa = PBXSourcesBuildPhase;
			buildActionMask = 2147483647;
			files = (
				F846E6D72643D5CB0084049E /* ViewController.swift in Sources */,
				F846E6D32643D5CB0084049E /* AppDelegate.swift in Sources */,
				F846E6D52643D5CB0084049E /* SceneDelegate.swift in Sources */,
			);
			runOnlyForDeploymentPostprocessing = 0;
		};
/* End PBXSourcesBuildPhase section */

/* Begin PBXVariantGroup section */
		F846E6D82643D5CB0084049E /* Main.storyboard */ = {
			isa = PBXVariantGroup;
			children = (
				F846E6D92643D5CB0084049E /* Base */,
			);
			name = Main.storyboard;
			sourceTree = "<group>";
		};
		F846E6DD2643D5CC0084049E /* LaunchScreen.storyboard */ = {
			isa = PBXVariantGroup;
			children = (
				F846E6DE2643D5CC0084049E /* Base */,
			);
			name = LaunchScreen.storyboard;
			sourceTree = "<group>";
		};
/* End PBXVariantGroup section */

/* Begin XCBuildConfiguration section */
		F846E6E12643D5CC0084049E /* Debug */ = {
			isa = XCBuildConfiguration;
			buildSettings = {
				ALWAYS_SEARCH_USER_PATHS = NO;
				CLANG_ANALYZER_NONNULL = YES;
				CLANG_ANALYZER_NUMBER_OBJECT_CONVERSION = YES_AGGRESSIVE;
				CLANG_CXX_LANGUAGE_STANDARD = "gnu++14";
				CLANG_CXX_LIBRARY = "libc++";
				CLANG_ENABLE_MODULES = YES;
				CLANG_ENABLE_OBJC_ARC = YES;
				CLANG_ENABLE_OBJC_WEAK = YES;
				CLANG_WARN_BLOCK_CAPTURE_AUTORELEASING = YES;
				CLANG_WARN_BOOL_CONVERSION = YES;
				CLANG_WARN_COMMA = YES;
				CLANG_WARN_CONSTANT_CONVERSION = YES;
				CLANG_WARN_DEPRECATED_OBJC_IMPLEMENTATIONS = YES;
				CLANG_WARN_DIRECT_OBJC_ISA_USAGE = YES_ERROR;
				CLANG_WARN_DOCUMENTATION_COMMENTS = YES;
				CLANG_WARN_EMPTY_BODY = YES;
				CLANG_WARN_ENUM_CONVERSION = YES;
				CLANG_WARN_INFINITE_RECURSION = YES;
				CLANG_WARN_INT_CONVERSION = YES;
				CLANG_WARN_NON_LITERAL_NULL_CONVERSION = YES;
				CLANG_WARN_OBJC_IMPLICIT_RETAIN_SELF = YES;
				CLANG_WARN_OBJC_LITERAL_CONVERSION = YES;
				CLANG_WARN_OBJC_ROOT_CLASS = YES_ERROR;
				CLANG_WARN_QUOTED_INCLUDE_IN_FRAMEWORK_HEADER = YES;
				CLANG_WARN_RANGE_LOOP_ANALYSIS = YES;
				CLANG_WARN_STRICT_PROTOTYPES = YES;
				CLANG_WARN_SUSPICIOUS_MOVE = YES;
				CLANG_WARN_UNGUARDED_AVAILABILITY = YES_AGGRESSIVE;
				CLANG_WARN_UNREACHABLE_CODE = YES;
				CLANG_WARN__DUPLICATE_METHOD_MATCH = YES;
				COPY_PHASE_STRIP = NO;
				DEBUG_INFORMATION_FORMAT = dwarf;
				ENABLE_STRICT_OBJC_MSGSEND = YES;
				ENABLE_TESTABILITY = YES;
				GCC_C_LANGUAGE_STANDARD = gnu11;
				GCC_DYNAMIC_NO_PIC = NO;
				GCC_NO_COMMON_BLOCKS = YES;
				GCC_OPTIMIZATION_LEVEL = 0;
				GCC_PREPROCESSOR_DEFINITIONS = (
					"DEBUG=1",
					"$(inherited)",
				);
				GCC_WARN_64_TO_32_BIT_CONVERSION = YES;
				GCC_WARN_ABOUT_RETURN_TYPE = YES_ERROR;
				GCC_WARN_UNDECLARED_SELECTOR = YES;
				GCC_WARN_UNINITIALIZED_AUTOS = YES_AGGRESSIVE;
				GCC_WARN_UNUSED_FUNCTION = YES;
				GCC_WARN_UNUSED_VARIABLE = YES;
				IPHONEOS_DEPLOYMENT_TARGET = 14.5;
				MTL_ENABLE_DEBUG_INFO = INCLUDE_SOURCE;
				MTL_FAST_MATH = YES;
				ONLY_ACTIVE_ARCH = YES;
				SDKROOT = iphoneos;
				SWIFT_ACTIVE_COMPILATION_CONDITIONS = DEBUG;
				SWIFT_OPTIMIZATION_LEVEL = "-Onone";
			};
			name = Debug;
		};
		F846E6E22643D5CC0084049E /* Release */ = {
			isa = XCBuildConfiguration;
			buildSettings = {
				ALWAYS_SEARCH_USER_PATHS = NO;
				CLANG_ANALYZER_NONNULL = YES;
				CLANG_ANALYZER_NUMBER_OBJECT_CONVERSION = YES_AGGRESSIVE;
				CLANG_CXX_LANGUAGE_STANDARD = "gnu++14";
				CLANG_CXX_LIBRARY = "libc++";
				CLANG_ENABLE_MODULES = YES;
				CLANG_ENABLE_OBJC_ARC = YES;
				CLANG_ENABLE_OBJC_WEAK = YES;
				CLANG_WARN_BLOCK_CAPTURE_AUTORELEASING = YES;
				CLANG_WARN_BOOL_CONVERSION = YES;
				CLANG_WARN_COMMA = YES;
				CLANG_WARN_CONSTANT_CONVERSION = YES;
				CLANG_WARN_DEPRECATED_OBJC_IMPLEMENTATIONS = YES;
				CLANG_WARN_DIRECT_OBJC_ISA_USAGE = YES_ERROR;
				CLANG_WARN_DOCUMENTATION_COMMENTS = YES;
				CLANG_WARN_EMPTY_BODY = YES;
				CLANG_WARN_ENUM_CONVERSION = YES;
				CLANG_WARN_INFINITE_RECURSION = YES;
				CLANG_WARN_INT_CONVERSION = YES;
				CLANG_WARN_NON_LITERAL_NULL_CONVERSION = YES;
				CLANG_WARN_OBJC_IMPLICIT_RETAIN_SELF = YES;
				CLANG_WARN_OBJC_LITERAL_CONVERSION = YES;
				CLANG_WARN_OBJC_ROOT_CLASS = YES_ERROR;
				CLANG_WARN_QUOTED_INCLUDE_IN_FRAMEWORK_HEADER = YES;
				CLANG_WARN_RANGE_LOOP_ANALYSIS = YES;
				CLANG_WARN_STRICT_PROTOTYPES = YES;
				CLANG_WARN_SUSPICIOUS_MOVE = YES;
				CLANG_WARN_UNGUARDED_AVAILABILITY = YES_AGGRESSIVE;
				CLANG_WARN_UNREACHABLE_CODE = YES;
				CLANG_WARN__DUPLICATE_METHOD_MATCH = YES;
				COPY_PHASE_STRIP = NO;
				DEBUG_INFORMATION_FORMAT = "dwarf-with-dsym";
				ENABLE_NS_ASSERTIONS = NO;
				ENABLE_STRICT_OBJC_MSGSEND = YES;
				GCC_C_LANGUAGE_STANDARD = gnu11;
				GCC_NO_COMMON_BLOCKS = YES;
				GCC_WARN_64_TO_32_BIT_CONVERSION = YES;
				GCC_WARN_ABOUT_RETURN_TYPE = YES_ERROR;
				GCC_WARN_UNDECLARED_SELECTOR = YES;
				GCC_WARN_UNINITIALIZED_AUTOS = YES_AGGRESSIVE;
				GCC_WARN_UNUSED_FUNCTION = YES;
				GCC_WARN_UNUSED_VARIABLE = YES;
				IPHONEOS_DEPLOYMENT_TARGET = 14.5;
				MTL_ENABLE_DEBUG_INFO = NO;
				MTL_FAST_MATH = YES;
				SDKROOT = iphoneos;
				SWIFT_COMPILATION_MODE = wholemodule;
				SWIFT_OPTIMIZATION_LEVEL = "-O";
				VALIDATE_PRODUCT = YES;
			};
			name = Release;
		};
		F846E6E42643D5CC0084049E /* Debug */ = {
			isa = XCBuildConfiguration;
			baseConfigurationReference = 491182B0E895363EBD23EBCB /* Pods-practice-seminar4.debug.xcconfig */;
			buildSettings = {
				ASSETCATALOG_COMPILER_APPICON_NAME = AppIcon;
				ASSETCATALOG_COMPILER_GLOBAL_ACCENT_COLOR_NAME = AccentColor;
				CODE_SIGN_STYLE = Automatic;
				DEVELOPMENT_TEAM = T8C9SSEX5G;
				INFOPLIST_FILE = "practice-seminar4/Info.plist";
				LD_RUNPATH_SEARCH_PATHS = (
					"$(inherited)",
					"@executable_path/Frameworks",
				);
				PRODUCT_BUNDLE_IDENTIFIER = "hyun99999.practice-seminar4";
				PRODUCT_NAME = "$(TARGET_NAME)";
				SWIFT_VERSION = 5.0;
				TARGETED_DEVICE_FAMILY = "1,2";
			};
			name = Debug;
		};
		F846E6E52643D5CC0084049E /* Release */ = {
			isa = XCBuildConfiguration;
			baseConfigurationReference = 204A2E60659BABCC49C19B86 /* Pods-practice-seminar4.release.xcconfig */;
			buildSettings = {
				ASSETCATALOG_COMPILER_APPICON_NAME = AppIcon;
				ASSETCATALOG_COMPILER_GLOBAL_ACCENT_COLOR_NAME = AccentColor;
				CODE_SIGN_STYLE = Automatic;
				DEVELOPMENT_TEAM = T8C9SSEX5G;
				INFOPLIST_FILE = "practice-seminar4/Info.plist";
				LD_RUNPATH_SEARCH_PATHS = (
					"$(inherited)",
					"@executable_path/Frameworks",
				);
				PRODUCT_BUNDLE_IDENTIFIER = "hyun99999.practice-seminar4";
				PRODUCT_NAME = "$(TARGET_NAME)";
				SWIFT_VERSION = 5.0;
				TARGETED_DEVICE_FAMILY = "1,2";
			};
			name = Release;
		};
/* End XCBuildConfiguration section */

/* Begin XCConfigurationList section */
		F846E6CA2643D5CB0084049E /* Build configuration list for PBXProject "practice-seminar4" */ = {
			isa = XCConfigurationList;
			buildConfigurations = (
				F846E6E12643D5CC0084049E /* Debug */,
				F846E6E22643D5CC0084049E /* Release */,
			);
			defaultConfigurationIsVisible = 0;
			defaultConfigurationName = Release;
		};
		F846E6E32643D5CC0084049E /* Build configuration list for PBXNativeTarget "practice-seminar4" */ = {
			isa = XCConfigurationList;
			buildConfigurations = (
				F846E6E42643D5CC0084049E /* Debug */,
				F846E6E52643D5CC0084049E /* Release */,
			);
			defaultConfigurationIsVisible = 0;
			defaultConfigurationName = Release;
		};
/* End XCConfigurationList section */
	};
	rootObject = F846E6C72643D5CB0084049E /* Project object */;
}
